// !$*UTF8*$!
{
	archiveVersion = 1;
	classes = {
	};
	objectVersion = 55;
	objects = {

/* Begin PBXBuildFile section */
		21A7971840DB05F95371573D /* Pods_tvmazetechtestTests.framework in Frameworks */ = {isa = PBXBuildFile; fileRef = 05EB38FE73BDA1F5DBF90214 /* Pods_tvmazetechtestTests.framework */; };
		47826BB358D38C59BBC9ECAA /* Pods_tvmazetechtest.framework in Frameworks */ = {isa = PBXBuildFile; fileRef = 5CACE835C7DE465DA6AC2B6D /* Pods_tvmazetechtest.framework */; };
		C3B4C7085723C1D38E37CE7C /* Pods_tvmazetechtest_tvmazetechtestUITests.framework in Frameworks */ = {isa = PBXBuildFile; fileRef = 53A81628584F2C63766BF569 /* Pods_tvmazetechtest_tvmazetechtestUITests.framework */; };
		D531ADB1274657C5000694EB /* UIView+Extension.swift in Sources */ = {isa = PBXBuildFile; fileRef = D531ADB0274657C5000694EB /* UIView+Extension.swift */; };
		D58EB433273BFCD400F60ED9 /* AppDelegate.swift in Sources */ = {isa = PBXBuildFile; fileRef = D58EB432273BFCD400F60ED9 /* AppDelegate.swift */; };
		D58EB435273BFCD400F60ED9 /* SceneDelegate.swift in Sources */ = {isa = PBXBuildFile; fileRef = D58EB434273BFCD400F60ED9 /* SceneDelegate.swift */; };
		D58EB43A273BFCD400F60ED9 /* List.storyboard in Resources */ = {isa = PBXBuildFile; fileRef = D58EB438273BFCD400F60ED9 /* List.storyboard */; };
		D58EB43C273BFCD700F60ED9 /* Assets.xcassets in Resources */ = {isa = PBXBuildFile; fileRef = D58EB43B273BFCD700F60ED9 /* Assets.xcassets */; };
		D58EB43F273BFCD700F60ED9 /* LaunchScreen.storyboard in Resources */ = {isa = PBXBuildFile; fileRef = D58EB43D273BFCD700F60ED9 /* LaunchScreen.storyboard */; };
		D58EB454273BFCD800F60ED9 /* tvmazetechtestUITests.swift in Sources */ = {isa = PBXBuildFile; fileRef = D58EB453273BFCD800F60ED9 /* tvmazetechtestUITests.swift */; };
		D58EB456273BFCD800F60ED9 /* tvmazetechtestUITestsLaunchTests.swift in Sources */ = {isa = PBXBuildFile; fileRef = D58EB455273BFCD800F60ED9 /* tvmazetechtestUITestsLaunchTests.swift */; };
		D58EB46F274270C500F60ED9 /* Inject.swift in Sources */ = {isa = PBXBuildFile; fileRef = D58EB46E274270C500F60ED9 /* Inject.swift */; };
		D58EB471274270E000F60ED9 /* Resolver.swift in Sources */ = {isa = PBXBuildFile; fileRef = D58EB470274270E000F60ED9 /* Resolver.swift */; };
		D58EB473274270F800F60ED9 /* Observable.swift in Sources */ = {isa = PBXBuildFile; fileRef = D58EB472274270F800F60ED9 /* Observable.swift */; };
		D58EB4772742714400F60ED9 /* Components.swift in Sources */ = {isa = PBXBuildFile; fileRef = D58EB4762742714400F60ED9 /* Components.swift */; };
		D58EB479274271B000F60ED9 /* RemoteDatasource.swift in Sources */ = {isa = PBXBuildFile; fileRef = D58EB478274271B000F60ED9 /* RemoteDatasource.swift */; };
		D58EB47B2742720C00F60ED9 /* StoreDatasource.swift in Sources */ = {isa = PBXBuildFile; fileRef = D58EB47A2742720C00F60ED9 /* StoreDatasource.swift */; };
		D58EB47D2742722700F60ED9 /* Codable+Extension.swift in Sources */ = {isa = PBXBuildFile; fileRef = D58EB47C2742722700F60ED9 /* Codable+Extension.swift */; };
		D58EB47F2742723E00F60ED9 /* Collection+Safe.swift in Sources */ = {isa = PBXBuildFile; fileRef = D58EB47E2742723E00F60ED9 /* Collection+Safe.swift */; };
		D58EB4812742732600F60ED9 /* CoreLog.swift in Sources */ = {isa = PBXBuildFile; fileRef = D58EB4802742732600F60ED9 /* CoreLog.swift */; };
		D58EB4832742734200F60ED9 /* BaseViewController.swift in Sources */ = {isa = PBXBuildFile; fileRef = D58EB4822742734200F60ED9 /* BaseViewController.swift */; };
		D58EB4852742735700F60ED9 /* BaseViewModel.swift in Sources */ = {isa = PBXBuildFile; fileRef = D58EB4842742735700F60ED9 /* BaseViewModel.swift */; };
		D58EB4872742736F00F60ED9 /* NavigationBarSettings.swift in Sources */ = {isa = PBXBuildFile; fileRef = D58EB4862742736F00F60ED9 /* NavigationBarSettings.swift */; };
		D58EB489274273DC00F60ED9 /* BaseError.swift in Sources */ = {isa = PBXBuildFile; fileRef = D58EB488274273DC00F60ED9 /* BaseError.swift */; };
		D58EB48E2742AAFC00F60ED9 /* StoreDatasourceTests.swift in Sources */ = {isa = PBXBuildFile; fileRef = D58EB48D2742AAFC00F60ED9 /* StoreDatasourceTests.swift */; };
		D58EB4902742AD3300F60ED9 /* GoogleService-Info.plist in Resources */ = {isa = PBXBuildFile; fileRef = D58EB48F2742AD3200F60ED9 /* GoogleService-Info.plist */; };
		D58EB4922742B21700F60ED9 /* RemoteDatasourceTests.swift in Sources */ = {isa = PBXBuildFile; fileRef = D58EB4912742B21600F60ED9 /* RemoteDatasourceTests.swift */; };
		D58EB4952742C2F900F60ED9 /* PageRequest.swift in Sources */ = {isa = PBXBuildFile; fileRef = D58EB4942742C2F900F60ED9 /* PageRequest.swift */; };
		D58EB4982742C40100F60ED9 /* BaseErrorTests.swift in Sources */ = {isa = PBXBuildFile; fileRef = D58EB4972742C40100F60ED9 /* BaseErrorTests.swift */; };
		D58EB49B2742C51B00F60ED9 /* ResolverTests.swift in Sources */ = {isa = PBXBuildFile; fileRef = D58EB49A2742C51B00F60ED9 /* ResolverTests.swift */; };
		D58EB49E2742C68100F60ED9 /* ResolverObjectMockTest.swift in Sources */ = {isa = PBXBuildFile; fileRef = D58EB49D2742C68100F60ED9 /* ResolverObjectMockTest.swift */; };
		D58EB4A22742CAEB00F60ED9 /* ObservableTests.swift in Sources */ = {isa = PBXBuildFile; fileRef = D58EB4A12742CAEB00F60ED9 /* ObservableTests.swift */; };
		D58EB4A52742CF3100F60ED9 /* ArraySafeTests.swift in Sources */ = {isa = PBXBuildFile; fileRef = D58EB4A42742CF3100F60ED9 /* ArraySafeTests.swift */; };
		D58EB4A72742D17D00F60ED9 /* Show.swift in Sources */ = {isa = PBXBuildFile; fileRef = D58EB4A62742D17D00F60ED9 /* Show.swift */; };
		D58EB4AE2742D8DE00F60ED9 /* ListRepository.swift in Sources */ = {isa = PBXBuildFile; fileRef = D58EB4AD2742D8DE00F60ED9 /* ListRepository.swift */; };
		D58EB4B02742D94000F60ED9 /* ListUseCase.swift in Sources */ = {isa = PBXBuildFile; fileRef = D58EB4AF2742D94000F60ED9 /* ListUseCase.swift */; };
		D58EB4B22742D9B300F60ED9 /* ListViewModel.swift in Sources */ = {isa = PBXBuildFile; fileRef = D58EB4B12742D9B300F60ED9 /* ListViewModel.swift */; };
		D58EB4B72743123000F60ED9 /* ComponentsTests.swift in Sources */ = {isa = PBXBuildFile; fileRef = D58EB4B62743123000F60ED9 /* ComponentsTests.swift */; };
		D58EB4BE2743137600F60ED9 /* ListRepositoryTests.swift in Sources */ = {isa = PBXBuildFile; fileRef = D58EB4BD2743137600F60ED9 /* ListRepositoryTests.swift */; };
		D58EB4C0274314CE00F60ED9 /* ListUseCaseTests.swift in Sources */ = {isa = PBXBuildFile; fileRef = D58EB4BF274314CE00F60ED9 /* ListUseCaseTests.swift */; };
		D58EB4C3274316FF00F60ED9 /* ListViewModelMock.swift in Sources */ = {isa = PBXBuildFile; fileRef = D58EB4C2274316FF00F60ED9 /* ListViewModelMock.swift */; };
		D58EB4C52743173E00F60ED9 /* ListViewModelTests.swift in Sources */ = {isa = PBXBuildFile; fileRef = D58EB4C42743173E00F60ED9 /* ListViewModelTests.swift */; };
		D58EB4C727431C5F00F60ED9 /* ListViewController.swift in Sources */ = {isa = PBXBuildFile; fileRef = D58EB4C627431C5F00F60ED9 /* ListViewController.swift */; };
		D58EB4CA27431D2400F60ED9 /* ShowsCell.swift in Sources */ = {isa = PBXBuildFile; fileRef = D58EB4C927431D2400F60ED9 /* ShowsCell.swift */; };
		D58EB4CD27431DA000F60ED9 /* loading.json in Resources */ = {isa = PBXBuildFile; fileRef = D58EB4CC27431DA000F60ED9 /* loading.json */; };
		D58EB4CF274320A000F60ED9 /* ListViewControllerTests.swift in Sources */ = {isa = PBXBuildFile; fileRef = D58EB4CE274320A000F60ED9 /* ListViewControllerTests.swift */; };
		D58EB4D12743239300F60ED9 /* SearchRequest.swift in Sources */ = {isa = PBXBuildFile; fileRef = D58EB4D02743239300F60ED9 /* SearchRequest.swift */; };
		D58EB4D32743254000F60ED9 /* SearchResponse.swift in Sources */ = {isa = PBXBuildFile; fileRef = D58EB4D22743254000F60ED9 /* SearchResponse.swift */; };
		D59BFDBF27440C6E00D766AF /* StoredShows.swift in Sources */ = {isa = PBXBuildFile; fileRef = D59BFDBE27440C6E00D766AF /* StoredShows.swift */; };
		D59BFDC227441A6800D766AF /* StoreShowsDatasource.swift in Sources */ = {isa = PBXBuildFile; fileRef = D59BFDC127441A6800D766AF /* StoreShowsDatasource.swift */; };
		D59BFDC527441B7A00D766AF /* StoreShowsDatasourceTests.swift in Sources */ = {isa = PBXBuildFile; fileRef = D59BFDC427441B7A00D766AF /* StoreShowsDatasourceTests.swift */; };
		D59BFDCA274461C400D766AF /* DetailRepository.swift in Sources */ = {isa = PBXBuildFile; fileRef = D59BFDC9274461C400D766AF /* DetailRepository.swift */; };
		D59BFDCF274464E600D766AF /* DetailRepositoryTests.swift in Sources */ = {isa = PBXBuildFile; fileRef = D59BFDCE274464E600D766AF /* DetailRepositoryTests.swift */; };
		D59BFDD22744680900D766AF /* DetailUseCase.swift in Sources */ = {isa = PBXBuildFile; fileRef = D59BFDD12744680900D766AF /* DetailUseCase.swift */; };
		D59BFDD52744686A00D766AF /* DetailUseCaseTests.swift in Sources */ = {isa = PBXBuildFile; fileRef = D59BFDD42744686A00D766AF /* DetailUseCaseTests.swift */; };
		D59BFDD92744699700D766AF /* DetailViewModel.swift in Sources */ = {isa = PBXBuildFile; fileRef = D59BFDD82744699700D766AF /* DetailViewModel.swift */; };
		D59BFDDD27446C1C00D766AF /* DetailViewModelMock.swift in Sources */ = {isa = PBXBuildFile; fileRef = D59BFDDC27446C1C00D766AF /* DetailViewModelMock.swift */; };
		D59BFDDF27446C6600D766AF /* DetailViewModelTests.swift in Sources */ = {isa = PBXBuildFile; fileRef = D59BFDDE27446C6600D766AF /* DetailViewModelTests.swift */; };
		D59BFDE127446F8000D766AF /* DetailViewController.swift in Sources */ = {isa = PBXBuildFile; fileRef = D59BFDE027446F8000D766AF /* DetailViewController.swift */; };
		D59BFDE327446F9F00D766AF /* DetailViewControllerTests.swift in Sources */ = {isa = PBXBuildFile; fileRef = D59BFDE227446F9F00D766AF /* DetailViewControllerTests.swift */; };
		D59BFDE52744702D00D766AF /* Detail.storyboard in Resources */ = {isa = PBXBuildFile; fileRef = D59BFDE42744702D00D766AF /* Detail.storyboard */; };
		D59BFDEE27447CF900D766AF /* Wireframe.swift in Sources */ = {isa = PBXBuildFile; fileRef = D59BFDED27447CF900D766AF /* Wireframe.swift */; };
		D59BFDF12744F33500D766AF /* ListWireframe.swift in Sources */ = {isa = PBXBuildFile; fileRef = D59BFDF02744F33500D766AF /* ListWireframe.swift */; };
		D59BFDF62745031000D766AF /* ListWireframeTests.swift in Sources */ = {isa = PBXBuildFile; fileRef = D59BFDF52745031000D766AF /* ListWireframeTests.swift */; };
/* End PBXBuildFile section */

/* Begin PBXContainerItemProxy section */
		D58EB446273BFCD800F60ED9 /* PBXContainerItemProxy */ = {
			isa = PBXContainerItemProxy;
			containerPortal = D58EB427273BFCD400F60ED9 /* Project object */;
			proxyType = 1;
			remoteGlobalIDString = D58EB42E273BFCD400F60ED9;
			remoteInfo = tvmazetechtest;
		};
		D58EB450273BFCD800F60ED9 /* PBXContainerItemProxy */ = {
			isa = PBXContainerItemProxy;
			containerPortal = D58EB427273BFCD400F60ED9 /* Project object */;
			proxyType = 1;
			remoteGlobalIDString = D58EB42E273BFCD400F60ED9;
			remoteInfo = tvmazetechtest;
		};
/* End PBXContainerItemProxy section */

/* Begin PBXFileReference section */
		02E6815EB0DDF6BCCCC83AF6 /* Pods-tvmazetechtestTests.debug.xcconfig */ = {isa = PBXFileReference; includeInIndex = 1; lastKnownFileType = text.xcconfig; name = "Pods-tvmazetechtestTests.debug.xcconfig"; path = "Target Support Files/Pods-tvmazetechtestTests/Pods-tvmazetechtestTests.debug.xcconfig"; sourceTree = "<group>"; };
		05EB38FE73BDA1F5DBF90214 /* Pods_tvmazetechtestTests.framework */ = {isa = PBXFileReference; explicitFileType = wrapper.framework; includeInIndex = 0; path = Pods_tvmazetechtestTests.framework; sourceTree = BUILT_PRODUCTS_DIR; };
		29D851231432E2DF9DCB6606 /* Pods-tvmazetechtest.release.xcconfig */ = {isa = PBXFileReference; includeInIndex = 1; lastKnownFileType = text.xcconfig; name = "Pods-tvmazetechtest.release.xcconfig"; path = "Target Support Files/Pods-tvmazetechtest/Pods-tvmazetechtest.release.xcconfig"; sourceTree = "<group>"; };
		49958A1F0DEFEDB5674DD2FF /* Pods-tvmazetechtest.debug.xcconfig */ = {isa = PBXFileReference; includeInIndex = 1; lastKnownFileType = text.xcconfig; name = "Pods-tvmazetechtest.debug.xcconfig"; path = "Target Support Files/Pods-tvmazetechtest/Pods-tvmazetechtest.debug.xcconfig"; sourceTree = "<group>"; };
		4EF49F7AF930E0D4F5289A26 /* Pods-tvmazetechtestTests.release.xcconfig */ = {isa = PBXFileReference; includeInIndex = 1; lastKnownFileType = text.xcconfig; name = "Pods-tvmazetechtestTests.release.xcconfig"; path = "Target Support Files/Pods-tvmazetechtestTests/Pods-tvmazetechtestTests.release.xcconfig"; sourceTree = "<group>"; };
		53A81628584F2C63766BF569 /* Pods_tvmazetechtest_tvmazetechtestUITests.framework */ = {isa = PBXFileReference; explicitFileType = wrapper.framework; includeInIndex = 0; path = Pods_tvmazetechtest_tvmazetechtestUITests.framework; sourceTree = BUILT_PRODUCTS_DIR; };
		5CACE835C7DE465DA6AC2B6D /* Pods_tvmazetechtest.framework */ = {isa = PBXFileReference; explicitFileType = wrapper.framework; includeInIndex = 0; path = Pods_tvmazetechtest.framework; sourceTree = BUILT_PRODUCTS_DIR; };
		B322FB54ED2EA6E80C1C4573 /* Pods-tvmazetechtest-tvmazetechtestUITests.release.xcconfig */ = {isa = PBXFileReference; includeInIndex = 1; lastKnownFileType = text.xcconfig; name = "Pods-tvmazetechtest-tvmazetechtestUITests.release.xcconfig"; path = "Target Support Files/Pods-tvmazetechtest-tvmazetechtestUITests/Pods-tvmazetechtest-tvmazetechtestUITests.release.xcconfig"; sourceTree = "<group>"; };
		D531ADB0274657C5000694EB /* UIView+Extension.swift */ = {isa = PBXFileReference; lastKnownFileType = sourcecode.swift; path = "UIView+Extension.swift"; sourceTree = "<group>"; };
		D58EB42F273BFCD400F60ED9 /* tvmazetechtest.app */ = {isa = PBXFileReference; explicitFileType = wrapper.application; includeInIndex = 0; path = tvmazetechtest.app; sourceTree = BUILT_PRODUCTS_DIR; };
		D58EB432273BFCD400F60ED9 /* AppDelegate.swift */ = {isa = PBXFileReference; lastKnownFileType = sourcecode.swift; path = AppDelegate.swift; sourceTree = "<group>"; };
		D58EB434273BFCD400F60ED9 /* SceneDelegate.swift */ = {isa = PBXFileReference; lastKnownFileType = sourcecode.swift; path = SceneDelegate.swift; sourceTree = "<group>"; };
		D58EB439273BFCD400F60ED9 /* Base */ = {isa = PBXFileReference; lastKnownFileType = file.storyboard; name = Base; path = Base.lproj/List.storyboard; sourceTree = "<group>"; };
		D58EB43B273BFCD700F60ED9 /* Assets.xcassets */ = {isa = PBXFileReference; lastKnownFileType = folder.assetcatalog; path = Assets.xcassets; sourceTree = "<group>"; };
		D58EB43E273BFCD700F60ED9 /* Base */ = {isa = PBXFileReference; lastKnownFileType = file.storyboard; name = Base; path = Base.lproj/LaunchScreen.storyboard; sourceTree = "<group>"; };
		D58EB440273BFCD700F60ED9 /* Info.plist */ = {isa = PBXFileReference; lastKnownFileType = text.plist.xml; path = Info.plist; sourceTree = "<group>"; };
		D58EB445273BFCD700F60ED9 /* tvmazetechtestTests.xctest */ = {isa = PBXFileReference; explicitFileType = wrapper.cfbundle; includeInIndex = 0; path = tvmazetechtestTests.xctest; sourceTree = BUILT_PRODUCTS_DIR; };
		D58EB44F273BFCD800F60ED9 /* tvmazetechtestUITests.xctest */ = {isa = PBXFileReference; explicitFileType = wrapper.cfbundle; includeInIndex = 0; path = tvmazetechtestUITests.xctest; sourceTree = BUILT_PRODUCTS_DIR; };
		D58EB453273BFCD800F60ED9 /* tvmazetechtestUITests.swift */ = {isa = PBXFileReference; lastKnownFileType = sourcecode.swift; path = tvmazetechtestUITests.swift; sourceTree = "<group>"; };
		D58EB455273BFCD800F60ED9 /* tvmazetechtestUITestsLaunchTests.swift */ = {isa = PBXFileReference; lastKnownFileType = sourcecode.swift; path = tvmazetechtestUITestsLaunchTests.swift; sourceTree = "<group>"; };
		D58EB46E274270C500F60ED9 /* Inject.swift */ = {isa = PBXFileReference; lastKnownFileType = sourcecode.swift; path = Inject.swift; sourceTree = "<group>"; };
		D58EB470274270E000F60ED9 /* Resolver.swift */ = {isa = PBXFileReference; lastKnownFileType = sourcecode.swift; path = Resolver.swift; sourceTree = "<group>"; };
		D58EB472274270F800F60ED9 /* Observable.swift */ = {isa = PBXFileReference; lastKnownFileType = sourcecode.swift; path = Observable.swift; sourceTree = "<group>"; };
		D58EB4762742714400F60ED9 /* Components.swift */ = {isa = PBXFileReference; lastKnownFileType = sourcecode.swift; path = Components.swift; sourceTree = "<group>"; };
		D58EB478274271B000F60ED9 /* RemoteDatasource.swift */ = {isa = PBXFileReference; lastKnownFileType = sourcecode.swift; path = RemoteDatasource.swift; sourceTree = "<group>"; };
		D58EB47A2742720C00F60ED9 /* StoreDatasource.swift */ = {isa = PBXFileReference; lastKnownFileType = sourcecode.swift; path = StoreDatasource.swift; sourceTree = "<group>"; };
		D58EB47C2742722700F60ED9 /* Codable+Extension.swift */ = {isa = PBXFileReference; lastKnownFileType = sourcecode.swift; path = "Codable+Extension.swift"; sourceTree = "<group>"; };
		D58EB47E2742723E00F60ED9 /* Collection+Safe.swift */ = {isa = PBXFileReference; lastKnownFileType = sourcecode.swift; path = "Collection+Safe.swift"; sourceTree = "<group>"; };
		D58EB4802742732600F60ED9 /* CoreLog.swift */ = {isa = PBXFileReference; lastKnownFileType = sourcecode.swift; path = CoreLog.swift; sourceTree = "<group>"; };
		D58EB4822742734200F60ED9 /* BaseViewController.swift */ = {isa = PBXFileReference; lastKnownFileType = sourcecode.swift; path = BaseViewController.swift; sourceTree = "<group>"; };
		D58EB4842742735700F60ED9 /* BaseViewModel.swift */ = {isa = PBXFileReference; lastKnownFileType = sourcecode.swift; path = BaseViewModel.swift; sourceTree = "<group>"; };
		D58EB4862742736F00F60ED9 /* NavigationBarSettings.swift */ = {isa = PBXFileReference; lastKnownFileType = sourcecode.swift; path = NavigationBarSettings.swift; sourceTree = "<group>"; };
		D58EB488274273DC00F60ED9 /* BaseError.swift */ = {isa = PBXFileReference; lastKnownFileType = sourcecode.swift; path = BaseError.swift; sourceTree = "<group>"; };
		D58EB48D2742AAFC00F60ED9 /* StoreDatasourceTests.swift */ = {isa = PBXFileReference; lastKnownFileType = sourcecode.swift; path = StoreDatasourceTests.swift; sourceTree = "<group>"; };
		D58EB48F2742AD3200F60ED9 /* GoogleService-Info.plist */ = {isa = PBXFileReference; fileEncoding = 4; lastKnownFileType = text.plist.xml; path = "GoogleService-Info.plist"; sourceTree = "<group>"; };
		D58EB4912742B21600F60ED9 /* RemoteDatasourceTests.swift */ = {isa = PBXFileReference; lastKnownFileType = sourcecode.swift; path = RemoteDatasourceTests.swift; sourceTree = "<group>"; };
		D58EB4942742C2F900F60ED9 /* PageRequest.swift */ = {isa = PBXFileReference; lastKnownFileType = sourcecode.swift; path = PageRequest.swift; sourceTree = "<group>"; };
		D58EB4972742C40100F60ED9 /* BaseErrorTests.swift */ = {isa = PBXFileReference; lastKnownFileType = sourcecode.swift; path = BaseErrorTests.swift; sourceTree = "<group>"; };
		D58EB49A2742C51B00F60ED9 /* ResolverTests.swift */ = {isa = PBXFileReference; lastKnownFileType = sourcecode.swift; path = ResolverTests.swift; sourceTree = "<group>"; };
		D58EB49D2742C68100F60ED9 /* ResolverObjectMockTest.swift */ = {isa = PBXFileReference; lastKnownFileType = sourcecode.swift; path = ResolverObjectMockTest.swift; sourceTree = "<group>"; };
		D58EB4A12742CAEB00F60ED9 /* ObservableTests.swift */ = {isa = PBXFileReference; lastKnownFileType = sourcecode.swift; path = ObservableTests.swift; sourceTree = "<group>"; };
		D58EB4A42742CF3100F60ED9 /* ArraySafeTests.swift */ = {isa = PBXFileReference; lastKnownFileType = sourcecode.swift; path = ArraySafeTests.swift; sourceTree = "<group>"; };
		D58EB4A62742D17D00F60ED9 /* Show.swift */ = {isa = PBXFileReference; lastKnownFileType = sourcecode.swift; path = Show.swift; sourceTree = "<group>"; };
		D58EB4AD2742D8DE00F60ED9 /* ListRepository.swift */ = {isa = PBXFileReference; lastKnownFileType = sourcecode.swift; path = ListRepository.swift; sourceTree = "<group>"; };
		D58EB4AF2742D94000F60ED9 /* ListUseCase.swift */ = {isa = PBXFileReference; lastKnownFileType = sourcecode.swift; path = ListUseCase.swift; sourceTree = "<group>"; };
		D58EB4B12742D9B300F60ED9 /* ListViewModel.swift */ = {isa = PBXFileReference; lastKnownFileType = sourcecode.swift; path = ListViewModel.swift; sourceTree = "<group>"; };
		D58EB4B62743123000F60ED9 /* ComponentsTests.swift */ = {isa = PBXFileReference; lastKnownFileType = sourcecode.swift; path = ComponentsTests.swift; sourceTree = "<group>"; };
		D58EB4BD2743137600F60ED9 /* ListRepositoryTests.swift */ = {isa = PBXFileReference; lastKnownFileType = sourcecode.swift; path = ListRepositoryTests.swift; sourceTree = "<group>"; };
		D58EB4BF274314CE00F60ED9 /* ListUseCaseTests.swift */ = {isa = PBXFileReference; lastKnownFileType = sourcecode.swift; path = ListUseCaseTests.swift; sourceTree = "<group>"; };
		D58EB4C2274316FF00F60ED9 /* ListViewModelMock.swift */ = {isa = PBXFileReference; lastKnownFileType = sourcecode.swift; path = ListViewModelMock.swift; sourceTree = "<group>"; };
		D58EB4C42743173E00F60ED9 /* ListViewModelTests.swift */ = {isa = PBXFileReference; lastKnownFileType = sourcecode.swift; path = ListViewModelTests.swift; sourceTree = "<group>"; };
		D58EB4C627431C5F00F60ED9 /* ListViewController.swift */ = {isa = PBXFileReference; lastKnownFileType = sourcecode.swift; path = ListViewController.swift; sourceTree = "<group>"; };
		D58EB4C927431D2400F60ED9 /* ShowsCell.swift */ = {isa = PBXFileReference; lastKnownFileType = sourcecode.swift; path = ShowsCell.swift; sourceTree = "<group>"; };
		D58EB4CC27431DA000F60ED9 /* loading.json */ = {isa = PBXFileReference; fileEncoding = 4; lastKnownFileType = text.json; path = loading.json; sourceTree = "<group>"; };
		D58EB4CE274320A000F60ED9 /* ListViewControllerTests.swift */ = {isa = PBXFileReference; lastKnownFileType = sourcecode.swift; path = ListViewControllerTests.swift; sourceTree = "<group>"; };
		D58EB4D02743239300F60ED9 /* SearchRequest.swift */ = {isa = PBXFileReference; lastKnownFileType = sourcecode.swift; path = SearchRequest.swift; sourceTree = "<group>"; };
		D58EB4D22743254000F60ED9 /* SearchResponse.swift */ = {isa = PBXFileReference; lastKnownFileType = sourcecode.swift; path = SearchResponse.swift; sourceTree = "<group>"; };
		D59BFDBE27440C6E00D766AF /* StoredShows.swift */ = {isa = PBXFileReference; lastKnownFileType = sourcecode.swift; path = StoredShows.swift; sourceTree = "<group>"; };
		D59BFDC127441A6800D766AF /* StoreShowsDatasource.swift */ = {isa = PBXFileReference; lastKnownFileType = sourcecode.swift; path = StoreShowsDatasource.swift; sourceTree = "<group>"; };
		D59BFDC427441B7A00D766AF /* StoreShowsDatasourceTests.swift */ = {isa = PBXFileReference; lastKnownFileType = sourcecode.swift; path = StoreShowsDatasourceTests.swift; sourceTree = "<group>"; };
		D59BFDC9274461C400D766AF /* DetailRepository.swift */ = {isa = PBXFileReference; lastKnownFileType = sourcecode.swift; path = DetailRepository.swift; sourceTree = "<group>"; };
		D59BFDCE274464E600D766AF /* DetailRepositoryTests.swift */ = {isa = PBXFileReference; lastKnownFileType = sourcecode.swift; path = DetailRepositoryTests.swift; sourceTree = "<group>"; };
		D59BFDD12744680900D766AF /* DetailUseCase.swift */ = {isa = PBXFileReference; lastKnownFileType = sourcecode.swift; path = DetailUseCase.swift; sourceTree = "<group>"; };
		D59BFDD42744686A00D766AF /* DetailUseCaseTests.swift */ = {isa = PBXFileReference; lastKnownFileType = sourcecode.swift; path = DetailUseCaseTests.swift; sourceTree = "<group>"; };
		D59BFDD82744699700D766AF /* DetailViewModel.swift */ = {isa = PBXFileReference; lastKnownFileType = sourcecode.swift; path = DetailViewModel.swift; sourceTree = "<group>"; };
		D59BFDDC27446C1C00D766AF /* DetailViewModelMock.swift */ = {isa = PBXFileReference; lastKnownFileType = sourcecode.swift; path = DetailViewModelMock.swift; sourceTree = "<group>"; };
		D59BFDDE27446C6600D766AF /* DetailViewModelTests.swift */ = {isa = PBXFileReference; lastKnownFileType = sourcecode.swift; path = DetailViewModelTests.swift; sourceTree = "<group>"; };
		D59BFDE027446F8000D766AF /* DetailViewController.swift */ = {isa = PBXFileReference; lastKnownFileType = sourcecode.swift; path = DetailViewController.swift; sourceTree = "<group>"; };
		D59BFDE227446F9F00D766AF /* DetailViewControllerTests.swift */ = {isa = PBXFileReference; lastKnownFileType = sourcecode.swift; path = DetailViewControllerTests.swift; sourceTree = "<group>"; };
		D59BFDE42744702D00D766AF /* Detail.storyboard */ = {isa = PBXFileReference; lastKnownFileType = file.storyboard; path = Detail.storyboard; sourceTree = "<group>"; };
		D59BFDED27447CF900D766AF /* Wireframe.swift */ = {isa = PBXFileReference; lastKnownFileType = sourcecode.swift; path = Wireframe.swift; sourceTree = "<group>"; };
		D59BFDF02744F33500D766AF /* ListWireframe.swift */ = {isa = PBXFileReference; lastKnownFileType = sourcecode.swift; path = ListWireframe.swift; sourceTree = "<group>"; };
		D59BFDF52745031000D766AF /* ListWireframeTests.swift */ = {isa = PBXFileReference; lastKnownFileType = sourcecode.swift; path = ListWireframeTests.swift; sourceTree = "<group>"; };
		DD37BCC9B14B8B91FAC1FE10 /* Pods-tvmazetechtest-tvmazetechtestUITests.debug.xcconfig */ = {isa = PBXFileReference; includeInIndex = 1; lastKnownFileType = text.xcconfig; name = "Pods-tvmazetechtest-tvmazetechtestUITests.debug.xcconfig"; path = "Target Support Files/Pods-tvmazetechtest-tvmazetechtestUITests/Pods-tvmazetechtest-tvmazetechtestUITests.debug.xcconfig"; sourceTree = "<group>"; };
/* End PBXFileReference section */

/* Begin PBXFrameworksBuildPhase section */
		D58EB42C273BFCD400F60ED9 /* Frameworks */ = {
			isa = PBXFrameworksBuildPhase;
			buildActionMask = 2147483647;
			files = (
				47826BB358D38C59BBC9ECAA /* Pods_tvmazetechtest.framework in Frameworks */,
			);
			runOnlyForDeploymentPostprocessing = 0;
		};
		D58EB442273BFCD700F60ED9 /* Frameworks */ = {
			isa = PBXFrameworksBuildPhase;
			buildActionMask = 2147483647;
			files = (
				21A7971840DB05F95371573D /* Pods_tvmazetechtestTests.framework in Frameworks */,
			);
			runOnlyForDeploymentPostprocessing = 0;
		};
		D58EB44C273BFCD800F60ED9 /* Frameworks */ = {
			isa = PBXFrameworksBuildPhase;
			buildActionMask = 2147483647;
			files = (
				C3B4C7085723C1D38E37CE7C /* Pods_tvmazetechtest_tvmazetechtestUITests.framework in Frameworks */,
			);
			runOnlyForDeploymentPostprocessing = 0;
		};
/* End PBXFrameworksBuildPhase section */

/* Begin PBXGroup section */
		8236F6FB5F28D9210E8C7366 /* Pods */ = {
			isa = PBXGroup;
			children = (
				49958A1F0DEFEDB5674DD2FF /* Pods-tvmazetechtest.debug.xcconfig */,
				29D851231432E2DF9DCB6606 /* Pods-tvmazetechtest.release.xcconfig */,
				DD37BCC9B14B8B91FAC1FE10 /* Pods-tvmazetechtest-tvmazetechtestUITests.debug.xcconfig */,
				B322FB54ED2EA6E80C1C4573 /* Pods-tvmazetechtest-tvmazetechtestUITests.release.xcconfig */,
				02E6815EB0DDF6BCCCC83AF6 /* Pods-tvmazetechtestTests.debug.xcconfig */,
				4EF49F7AF930E0D4F5289A26 /* Pods-tvmazetechtestTests.release.xcconfig */,
			);
			path = Pods;
			sourceTree = "<group>";
		};
		D58EB426273BFCD400F60ED9 = {
			isa = PBXGroup;
			children = (
				D58EB431273BFCD400F60ED9 /* tvmazetechtest */,
				D58EB448273BFCD800F60ED9 /* tvmazetechtestTests */,
				D58EB452273BFCD800F60ED9 /* tvmazetechtestUITests */,
				D58EB430273BFCD400F60ED9 /* Products */,
				8236F6FB5F28D9210E8C7366 /* Pods */,
				D6B3D8CED1BCA63A5663492C /* Frameworks */,
			);
			sourceTree = "<group>";
		};
		D58EB430273BFCD400F60ED9 /* Products */ = {
			isa = PBXGroup;
			children = (
				D58EB42F273BFCD400F60ED9 /* tvmazetechtest.app */,
				D58EB445273BFCD700F60ED9 /* tvmazetechtestTests.xctest */,
				D58EB44F273BFCD800F60ED9 /* tvmazetechtestUITests.xctest */,
			);
			name = Products;
			sourceTree = "<group>";
		};
		D58EB431273BFCD400F60ED9 /* tvmazetechtest */ = {
			isa = PBXGroup;
			children = (
				D58EB48F2742AD3200F60ED9 /* GoogleService-Info.plist */,
				D58EB440273BFCD700F60ED9 /* Info.plist */,
				D58EB43B273BFCD700F60ED9 /* Assets.xcassets */,
				D58EB46227426E9D00F60ED9 /* Scenes */,
				D58EB46327426EA100F60ED9 /* Source */,
			);
			path = tvmazetechtest;
			sourceTree = "<group>";
		};
		D58EB448273BFCD800F60ED9 /* tvmazetechtestTests */ = {
			isa = PBXGroup;
			children = (
				D58EB48A2742744F00F60ED9 /* Source */,
			);
			path = tvmazetechtestTests;
			sourceTree = "<group>";
		};
		D58EB452273BFCD800F60ED9 /* tvmazetechtestUITests */ = {
			isa = PBXGroup;
			children = (
				D58EB453273BFCD800F60ED9 /* tvmazetechtestUITests.swift */,
				D58EB455273BFCD800F60ED9 /* tvmazetechtestUITestsLaunchTests.swift */,
			);
			path = tvmazetechtestUITests;
			sourceTree = "<group>";
		};
		D58EB46227426E9D00F60ED9 /* Scenes */ = {
			isa = PBXGroup;
			children = (
				D58EB43D273BFCD700F60ED9 /* LaunchScreen.storyboard */,
				D58EB438273BFCD400F60ED9 /* List.storyboard */,
				D59BFDE42744702D00D766AF /* Detail.storyboard */,
			);
			path = Scenes;
			sourceTree = "<group>";
		};
		D58EB46327426EA100F60ED9 /* Source */ = {
			isa = PBXGroup;
			children = (
				D58EB46527426EBB00F60ED9 /* App */,
				D58EB46627426ECB00F60ED9 /* Base */,
				D58EB46727426EF100F60ED9 /* Features */,
			);
			path = Source;
			sourceTree = "<group>";
		};
		D58EB46527426EBB00F60ED9 /* App */ = {
			isa = PBXGroup;
			children = (
				D58EB432273BFCD400F60ED9 /* AppDelegate.swift */,
				D58EB434273BFCD400F60ED9 /* SceneDelegate.swift */,
			);
			path = App;
			sourceTree = "<group>";
		};
		D58EB46627426ECB00F60ED9 /* Base */ = {
			isa = PBXGroup;
			children = (
				D58EB49F2742CAB000F60ED9 /* Binding */,
				D58EB46827426EFC00F60ED9 /* Data */,
				D58EB46927426F0100F60ED9 /* Di */,
				D58EB46A27426F0600F60ED9 /* Domain */,
				D58EB46B27426F1600F60ED9 /* Extensions */,
				D58EB46C27426F1B00F60ED9 /* Log */,
				D58EB46D27426F2000F60ED9 /* Presentation */,
				D59BFDEC27447CD400D766AF /* Wireframe */,
			);
			path = Base;
			sourceTree = "<group>";
		};
		D58EB46727426EF100F60ED9 /* Features */ = {
			isa = PBXGroup;
			children = (
				D58EB4742742713500F60ED9 /* Common */,
				D59BFDC62744354600D766AF /* Detail */,
				D58EB4A82742D89D00F60ED9 /* List */,
			);
			path = Features;
			sourceTree = "<group>";
		};
		D58EB46827426EFC00F60ED9 /* Data */ = {
			isa = PBXGroup;
			children = (
				D58EB488274273DC00F60ED9 /* BaseError.swift */,
			);
			path = Data;
			sourceTree = "<group>";
		};
		D58EB46927426F0100F60ED9 /* Di */ = {
			isa = PBXGroup;
			children = (
				D58EB46E274270C500F60ED9 /* Inject.swift */,
				D58EB470274270E000F60ED9 /* Resolver.swift */,
			);
			path = Di;
			sourceTree = "<group>";
		};
		D58EB46A27426F0600F60ED9 /* Domain */ = {
			isa = PBXGroup;
			children = (
				D58EB478274271B000F60ED9 /* RemoteDatasource.swift */,
				D58EB47A2742720C00F60ED9 /* StoreDatasource.swift */,
			);
			path = Domain;
			sourceTree = "<group>";
		};
		D58EB46B27426F1600F60ED9 /* Extensions */ = {
			isa = PBXGroup;
			children = (
				D58EB47C2742722700F60ED9 /* Codable+Extension.swift */,
				D58EB47E2742723E00F60ED9 /* Collection+Safe.swift */,
				D531ADB0274657C5000694EB /* UIView+Extension.swift */,
			);
			path = Extensions;
			sourceTree = "<group>";
		};
		D58EB46C27426F1B00F60ED9 /* Log */ = {
			isa = PBXGroup;
			children = (
				D58EB4802742732600F60ED9 /* CoreLog.swift */,
			);
			path = Log;
			sourceTree = "<group>";
		};
		D58EB46D27426F2000F60ED9 /* Presentation */ = {
			isa = PBXGroup;
			children = (
				D58EB4822742734200F60ED9 /* BaseViewController.swift */,
				D58EB4842742735700F60ED9 /* BaseViewModel.swift */,
				D58EB4862742736F00F60ED9 /* NavigationBarSettings.swift */,
			);
			path = Presentation;
			sourceTree = "<group>";
		};
		D58EB4742742713500F60ED9 /* Common */ = {
			isa = PBXGroup;
			children = (
				D58EB4932742C29500F60ED9 /* Data */,
				D58EB4752742713B00F60ED9 /* Di */,
				D59BFDC027441A4100D766AF /* Domain */,
			);
			path = Common;
			sourceTree = "<group>";
		};
		D58EB4752742713B00F60ED9 /* Di */ = {
			isa = PBXGroup;
			children = (
				D58EB4762742714400F60ED9 /* Components.swift */,
			);
			path = Di;
			sourceTree = "<group>";
		};
		D58EB48A2742744F00F60ED9 /* Source */ = {
			isa = PBXGroup;
			children = (
				D58EB48B2742745500F60ED9 /* Base */,
				D58EB4B32743120B00F60ED9 /* Features */,
			);
			path = Source;
			sourceTree = "<group>";
		};
		D58EB48B2742745500F60ED9 /* Base */ = {
			isa = PBXGroup;
			children = (
				D58EB4A02742CAD600F60ED9 /* Binding */,
				D58EB4962742C3F700F60ED9 /* Data */,
				D58EB4992742C50B00F60ED9 /* Di */,
				D58EB48C2742745900F60ED9 /* Domain */,
				D58EB4A32742CF2000F60ED9 /* Extensions */,
			);
			path = Base;
			sourceTree = "<group>";
		};
		D58EB48C2742745900F60ED9 /* Domain */ = {
			isa = PBXGroup;
			children = (
				D58EB4912742B21600F60ED9 /* RemoteDatasourceTests.swift */,
				D58EB48D2742AAFC00F60ED9 /* StoreDatasourceTests.swift */,
			);
			path = Domain;
			sourceTree = "<group>";
		};
		D58EB4932742C29500F60ED9 /* Data */ = {
			isa = PBXGroup;
			children = (
				D58EB4942742C2F900F60ED9 /* PageRequest.swift */,
				D58EB4D02743239300F60ED9 /* SearchRequest.swift */,
				D58EB4D22743254000F60ED9 /* SearchResponse.swift */,
				D58EB4A62742D17D00F60ED9 /* Show.swift */,
				D59BFDBE27440C6E00D766AF /* StoredShows.swift */,
			);
			path = Data;
			sourceTree = "<group>";
		};
		D58EB4962742C3F700F60ED9 /* Data */ = {
			isa = PBXGroup;
			children = (
				D58EB4972742C40100F60ED9 /* BaseErrorTests.swift */,
			);
			path = Data;
			sourceTree = "<group>";
		};
		D58EB4992742C50B00F60ED9 /* Di */ = {
			isa = PBXGroup;
			children = (
				D58EB49C2742C67900F60ED9 /* Mock */,
				D58EB49A2742C51B00F60ED9 /* ResolverTests.swift */,
			);
			path = Di;
			sourceTree = "<group>";
		};
		D58EB49C2742C67900F60ED9 /* Mock */ = {
			isa = PBXGroup;
			children = (
				D58EB49D2742C68100F60ED9 /* ResolverObjectMockTest.swift */,
			);
			path = Mock;
			sourceTree = "<group>";
		};
		D58EB49F2742CAB000F60ED9 /* Binding */ = {
			isa = PBXGroup;
			children = (
				D58EB472274270F800F60ED9 /* Observable.swift */,
			);
			path = Binding;
			sourceTree = "<group>";
		};
		D58EB4A02742CAD600F60ED9 /* Binding */ = {
			isa = PBXGroup;
			children = (
				D58EB4A12742CAEB00F60ED9 /* ObservableTests.swift */,
			);
			path = Binding;
			sourceTree = "<group>";
		};
		D58EB4A32742CF2000F60ED9 /* Extensions */ = {
			isa = PBXGroup;
			children = (
				D58EB4A42742CF3100F60ED9 /* ArraySafeTests.swift */,
			);
			path = Extensions;
			sourceTree = "<group>";
		};
		D58EB4A82742D89D00F60ED9 /* List */ = {
			isa = PBXGroup;
			children = (
				D58EB4A92742D8A300F60ED9 /* Domain */,
				D58EB4AC2742D8B800F60ED9 /* Presentation */,
				D59BFDEF2744F31A00D766AF /* Wireframe */,
			);
			path = List;
			sourceTree = "<group>";
		};
		D58EB4A92742D8A300F60ED9 /* Domain */ = {
			isa = PBXGroup;
			children = (
				D58EB4AB2742D8B100F60ED9 /* Repository */,
				D58EB4AA2742D8AC00F60ED9 /* Usecase */,
			);
			path = Domain;
			sourceTree = "<group>";
		};
		D58EB4AA2742D8AC00F60ED9 /* Usecase */ = {
			isa = PBXGroup;
			children = (
				D58EB4AF2742D94000F60ED9 /* ListUseCase.swift */,
			);
			path = Usecase;
			sourceTree = "<group>";
		};
		D58EB4AB2742D8B100F60ED9 /* Repository */ = {
			isa = PBXGroup;
			children = (
				D58EB4AD2742D8DE00F60ED9 /* ListRepository.swift */,
			);
			path = Repository;
			sourceTree = "<group>";
		};
		D58EB4AC2742D8B800F60ED9 /* Presentation */ = {
			isa = PBXGroup;
			children = (
				D58EB4CB27431D8100F60ED9 /* Animations */,
				D58EB4C827431D1100F60ED9 /* Cell */,
				D58EB4B12742D9B300F60ED9 /* ListViewModel.swift */,
				D58EB4C627431C5F00F60ED9 /* ListViewController.swift */,
			);
			path = Presentation;
			sourceTree = "<group>";
		};
		D58EB4B32743120B00F60ED9 /* Features */ = {
			isa = PBXGroup;
			children = (
				D59BFDCB274464D000D766AF /* Detail */,
				D58EB4B42743121E00F60ED9 /* Common */,
				D58EB4B82743134600F60ED9 /* List */,
			);
			path = Features;
			sourceTree = "<group>";
		};
		D58EB4B42743121E00F60ED9 /* Common */ = {
			isa = PBXGroup;
			children = (
				D58EB4B52743122500F60ED9 /* Di */,
				D59BFDC327441B6900D766AF /* Domain */,
			);
			path = Common;
			sourceTree = "<group>";
		};
		D58EB4B52743122500F60ED9 /* Di */ = {
			isa = PBXGroup;
			children = (
				D58EB4B62743123000F60ED9 /* ComponentsTests.swift */,
			);
			path = Di;
			sourceTree = "<group>";
		};
		D58EB4B82743134600F60ED9 /* List */ = {
			isa = PBXGroup;
			children = (
				D58EB4B92743134F00F60ED9 /* Domain */,
				D58EB4BC2743136600F60ED9 /* Presentation */,
				D59BFDF4274502FB00D766AF /* Wireframe */,
			);
			path = List;
			sourceTree = "<group>";
		};
		D58EB4B92743134F00F60ED9 /* Domain */ = {
			isa = PBXGroup;
			children = (
				D58EB4BA2743135600F60ED9 /* Repository */,
				D58EB4BB2743135B00F60ED9 /* Usecase */,
			);
			path = Domain;
			sourceTree = "<group>";
		};
		D58EB4BA2743135600F60ED9 /* Repository */ = {
			isa = PBXGroup;
			children = (
				D58EB4BD2743137600F60ED9 /* ListRepositoryTests.swift */,
			);
			path = Repository;
			sourceTree = "<group>";
		};
		D58EB4BB2743135B00F60ED9 /* Usecase */ = {
			isa = PBXGroup;
			children = (
				D58EB4BF274314CE00F60ED9 /* ListUseCaseTests.swift */,
			);
			path = Usecase;
			sourceTree = "<group>";
		};
		D58EB4BC2743136600F60ED9 /* Presentation */ = {
			isa = PBXGroup;
			children = (
				D58EB4C1274316F200F60ED9 /* Mock */,
				D58EB4C42743173E00F60ED9 /* ListViewModelTests.swift */,
				D58EB4CE274320A000F60ED9 /* ListViewControllerTests.swift */,
			);
			path = Presentation;
			sourceTree = "<group>";
		};
		D58EB4C1274316F200F60ED9 /* Mock */ = {
			isa = PBXGroup;
			children = (
				D58EB4C2274316FF00F60ED9 /* ListViewModelMock.swift */,
			);
			path = Mock;
			sourceTree = "<group>";
		};
		D58EB4C827431D1100F60ED9 /* Cell */ = {
			isa = PBXGroup;
			children = (
				D58EB4C927431D2400F60ED9 /* ShowsCell.swift */,
			);
			path = Cell;
			sourceTree = "<group>";
		};
		D58EB4CB27431D8100F60ED9 /* Animations */ = {
			isa = PBXGroup;
			children = (
				D58EB4CC27431DA000F60ED9 /* loading.json */,
			);
			path = Animations;
			sourceTree = "<group>";
		};
		D59BFDC027441A4100D766AF /* Domain */ = {
			isa = PBXGroup;
			children = (
				D59BFDC127441A6800D766AF /* StoreShowsDatasource.swift */,
			);
			path = Domain;
			sourceTree = "<group>";
		};
		D59BFDC327441B6900D766AF /* Domain */ = {
			isa = PBXGroup;
			children = (
				D59BFDC427441B7A00D766AF /* StoreShowsDatasourceTests.swift */,
			);
			path = Domain;
			sourceTree = "<group>";
		};
		D59BFDC62744354600D766AF /* Detail */ = {
			isa = PBXGroup;
			children = (
				D59BFDC7274461B100D766AF /* Domain */,
				D59BFDD72744697C00D766AF /* Presentation */,
			);
			path = Detail;
			sourceTree = "<group>";
		};
		D59BFDC7274461B100D766AF /* Domain */ = {
			isa = PBXGroup;
			children = (
				D59BFDC8274461B700D766AF /* Repository */,
				D59BFDD0274467F600D766AF /* Usecase */,
			);
			path = Domain;
			sourceTree = "<group>";
		};
		D59BFDC8274461B700D766AF /* Repository */ = {
			isa = PBXGroup;
			children = (
				D59BFDC9274461C400D766AF /* DetailRepository.swift */,
			);
			path = Repository;
			sourceTree = "<group>";
		};
		D59BFDCB274464D000D766AF /* Detail */ = {
			isa = PBXGroup;
			children = (
				D59BFDCC274464D500D766AF /* Domain */,
				D59BFDDA27446C0000D766AF /* Presentation */,
			);
			path = Detail;
			sourceTree = "<group>";
		};
		D59BFDCC274464D500D766AF /* Domain */ = {
			isa = PBXGroup;
			children = (
				D59BFDCD274464DA00D766AF /* Repository */,
				D59BFDD32744685900D766AF /* Usecase */,
			);
			path = Domain;
			sourceTree = "<group>";
		};
		D59BFDCD274464DA00D766AF /* Repository */ = {
			isa = PBXGroup;
			children = (
				D59BFDCE274464E600D766AF /* DetailRepositoryTests.swift */,
			);
			path = Repository;
			sourceTree = "<group>";
		};
		D59BFDD0274467F600D766AF /* Usecase */ = {
			isa = PBXGroup;
			children = (
				D59BFDD12744680900D766AF /* DetailUseCase.swift */,
			);
			path = Usecase;
			sourceTree = "<group>";
		};
		D59BFDD32744685900D766AF /* Usecase */ = {
			isa = PBXGroup;
			children = (
				D59BFDD42744686A00D766AF /* DetailUseCaseTests.swift */,
			);
			path = Usecase;
			sourceTree = "<group>";
		};
		D59BFDD72744697C00D766AF /* Presentation */ = {
			isa = PBXGroup;
			children = (
				D59BFDD82744699700D766AF /* DetailViewModel.swift */,
				D59BFDE027446F8000D766AF /* DetailViewController.swift */,
			);
			path = Presentation;
			sourceTree = "<group>";
		};
		D59BFDDA27446C0000D766AF /* Presentation */ = {
			isa = PBXGroup;
			children = (
				D59BFDDB27446C0900D766AF /* Mock */,
				D59BFDDE27446C6600D766AF /* DetailViewModelTests.swift */,
				D59BFDE227446F9F00D766AF /* DetailViewControllerTests.swift */,
			);
			path = Presentation;
			sourceTree = "<group>";
		};
		D59BFDDB27446C0900D766AF /* Mock */ = {
			isa = PBXGroup;
			children = (
				D59BFDDC27446C1C00D766AF /* DetailViewModelMock.swift */,
			);
			path = Mock;
			sourceTree = "<group>";
		};
		D59BFDEC27447CD400D766AF /* Wireframe */ = {
			isa = PBXGroup;
			children = (
				D59BFDED27447CF900D766AF /* Wireframe.swift */,
			);
			path = Wireframe;
			sourceTree = "<group>";
		};
		D59BFDEF2744F31A00D766AF /* Wireframe */ = {
			isa = PBXGroup;
			children = (
				D59BFDF02744F33500D766AF /* ListWireframe.swift */,
			);
			path = Wireframe;
			sourceTree = "<group>";
		};
		D59BFDF4274502FB00D766AF /* Wireframe */ = {
			isa = PBXGroup;
			children = (
				D59BFDF52745031000D766AF /* ListWireframeTests.swift */,
			);
			path = Wireframe;
			sourceTree = "<group>";
		};
		D6B3D8CED1BCA63A5663492C /* Frameworks */ = {
			isa = PBXGroup;
			children = (
				5CACE835C7DE465DA6AC2B6D /* Pods_tvmazetechtest.framework */,
				53A81628584F2C63766BF569 /* Pods_tvmazetechtest_tvmazetechtestUITests.framework */,
				05EB38FE73BDA1F5DBF90214 /* Pods_tvmazetechtestTests.framework */,
			);
			name = Frameworks;
			sourceTree = "<group>";
		};
/* End PBXGroup section */

/* Begin PBXNativeTarget section */
		D58EB42E273BFCD400F60ED9 /* tvmazetechtest */ = {
			isa = PBXNativeTarget;
			buildConfigurationList = D58EB459273BFCD800F60ED9 /* Build configuration list for PBXNativeTarget "tvmazetechtest" */;
			buildPhases = (
				2EB6783373B2956791A9E12D /* [CP] Check Pods Manifest.lock */,
				D58EB42B273BFCD400F60ED9 /* Sources */,
				D58EB42C273BFCD400F60ED9 /* Frameworks */,
				D58EB42D273BFCD400F60ED9 /* Resources */,
				07A971DCE778880927A51B08 /* [CP] Embed Pods Frameworks */,
			);
			buildRules = (
			);
			dependencies = (
			);
			name = tvmazetechtest;
			productName = tvmazetechtest;
			productReference = D58EB42F273BFCD400F60ED9 /* tvmazetechtest.app */;
			productType = "com.apple.product-type.application";
		};
		D58EB444273BFCD700F60ED9 /* tvmazetechtestTests */ = {
			isa = PBXNativeTarget;
			buildConfigurationList = D58EB45C273BFCD800F60ED9 /* Build configuration list for PBXNativeTarget "tvmazetechtestTests" */;
			buildPhases = (
				224BB8684E0D667BB520F323 /* [CP] Check Pods Manifest.lock */,
				D58EB441273BFCD700F60ED9 /* Sources */,
				D58EB442273BFCD700F60ED9 /* Frameworks */,
				D58EB443273BFCD700F60ED9 /* Resources */,
				880125806B0DE19092FECA81 /* [CP] Embed Pods Frameworks */,
			);
			buildRules = (
			);
			dependencies = (
				D58EB447273BFCD800F60ED9 /* PBXTargetDependency */,
			);
			name = tvmazetechtestTests;
			productName = tvmazetechtestTests;
			productReference = D58EB445273BFCD700F60ED9 /* tvmazetechtestTests.xctest */;
			productType = "com.apple.product-type.bundle.unit-test";
		};
		D58EB44E273BFCD800F60ED9 /* tvmazetechtestUITests */ = {
			isa = PBXNativeTarget;
			buildConfigurationList = D58EB45F273BFCD800F60ED9 /* Build configuration list for PBXNativeTarget "tvmazetechtestUITests" */;
			buildPhases = (
				BA23669752DDE43BACFA674D /* [CP] Check Pods Manifest.lock */,
				D58EB44B273BFCD800F60ED9 /* Sources */,
				D58EB44C273BFCD800F60ED9 /* Frameworks */,
				D58EB44D273BFCD800F60ED9 /* Resources */,
				69110192FB19385BEC8DED8D /* [CP] Embed Pods Frameworks */,
			);
			buildRules = (
			);
			dependencies = (
				D58EB451273BFCD800F60ED9 /* PBXTargetDependency */,
			);
			name = tvmazetechtestUITests;
			productName = tvmazetechtestUITests;
			productReference = D58EB44F273BFCD800F60ED9 /* tvmazetechtestUITests.xctest */;
			productType = "com.apple.product-type.bundle.ui-testing";
		};
/* End PBXNativeTarget section */

/* Begin PBXProject section */
		D58EB427273BFCD400F60ED9 /* Project object */ = {
			isa = PBXProject;
			attributes = {
				BuildIndependentTargetsInParallel = 1;
				LastSwiftUpdateCheck = 1310;
				LastUpgradeCheck = 1310;
				TargetAttributes = {
					D58EB42E273BFCD400F60ED9 = {
						CreatedOnToolsVersion = 13.1;
					};
					D58EB444273BFCD700F60ED9 = {
						CreatedOnToolsVersion = 13.1;
						TestTargetID = D58EB42E273BFCD400F60ED9;
					};
					D58EB44E273BFCD800F60ED9 = {
						CreatedOnToolsVersion = 13.1;
						TestTargetID = D58EB42E273BFCD400F60ED9;
					};
				};
			};
			buildConfigurationList = D58EB42A273BFCD400F60ED9 /* Build configuration list for PBXProject "tvmazetechtest" */;
			compatibilityVersion = "Xcode 13.0";
			developmentRegion = en;
			hasScannedForEncodings = 0;
			knownRegions = (
				en,
				Base,
			);
			mainGroup = D58EB426273BFCD400F60ED9;
			productRefGroup = D58EB430273BFCD400F60ED9 /* Products */;
			projectDirPath = "";
			projectRoot = "";
			targets = (
				D58EB42E273BFCD400F60ED9 /* tvmazetechtest */,
				D58EB444273BFCD700F60ED9 /* tvmazetechtestTests */,
				D58EB44E273BFCD800F60ED9 /* tvmazetechtestUITests */,
			);
		};
/* End PBXProject section */

/* Begin PBXResourcesBuildPhase section */
		D58EB42D273BFCD400F60ED9 /* Resources */ = {
			isa = PBXResourcesBuildPhase;
			buildActionMask = 2147483647;
			files = (
				D58EB43F273BFCD700F60ED9 /* LaunchScreen.storyboard in Resources */,
				D58EB4902742AD3300F60ED9 /* GoogleService-Info.plist in Resources */,
				D58EB43C273BFCD700F60ED9 /* Assets.xcassets in Resources */,
				D58EB43A273BFCD400F60ED9 /* List.storyboard in Resources */,
				D58EB4CD27431DA000F60ED9 /* loading.json in Resources */,
				D59BFDE52744702D00D766AF /* Detail.storyboard in Resources */,
			);
			runOnlyForDeploymentPostprocessing = 0;
		};
		D58EB443273BFCD700F60ED9 /* Resources */ = {
			isa = PBXResourcesBuildPhase;
			buildActionMask = 2147483647;
			files = (
			);
			runOnlyForDeploymentPostprocessing = 0;
		};
		D58EB44D273BFCD800F60ED9 /* Resources */ = {
			isa = PBXResourcesBuildPhase;
			buildActionMask = 2147483647;
			files = (
			);
			runOnlyForDeploymentPostprocessing = 0;
		};
/* End PBXResourcesBuildPhase section */

/* Begin PBXShellScriptBuildPhase section */
		07A971DCE778880927A51B08 /* [CP] Embed Pods Frameworks */ = {
			isa = PBXShellScriptBuildPhase;
			buildActionMask = 2147483647;
			files = (
			);
			inputFileListPaths = (
				"${PODS_ROOT}/Target Support Files/Pods-tvmazetechtest/Pods-tvmazetechtest-frameworks-${CONFIGURATION}-input-files.xcfilelist",
			);
			name = "[CP] Embed Pods Frameworks";
			outputFileListPaths = (
				"${PODS_ROOT}/Target Support Files/Pods-tvmazetechtest/Pods-tvmazetechtest-frameworks-${CONFIGURATION}-output-files.xcfilelist",
			);
			runOnlyForDeploymentPostprocessing = 0;
			shellPath = /bin/sh;
			shellScript = "\"${PODS_ROOT}/Target Support Files/Pods-tvmazetechtest/Pods-tvmazetechtest-frameworks.sh\"\n";
			showEnvVarsInLog = 0;
		};
		224BB8684E0D667BB520F323 /* [CP] Check Pods Manifest.lock */ = {
			isa = PBXShellScriptBuildPhase;
			buildActionMask = 2147483647;
			files = (
			);
			inputFileListPaths = (
			);
			inputPaths = (
				"${PODS_PODFILE_DIR_PATH}/Podfile.lock",
				"${PODS_ROOT}/Manifest.lock",
			);
			name = "[CP] Check Pods Manifest.lock";
			outputFileListPaths = (
			);
			outputPaths = (
				"$(DERIVED_FILE_DIR)/Pods-tvmazetechtestTests-checkManifestLockResult.txt",
			);
			runOnlyForDeploymentPostprocessing = 0;
			shellPath = /bin/sh;
			shellScript = "diff \"${PODS_PODFILE_DIR_PATH}/Podfile.lock\" \"${PODS_ROOT}/Manifest.lock\" > /dev/null\nif [ $? != 0 ] ; then\n    # print error to STDERR\n    echo \"error: The sandbox is not in sync with the Podfile.lock. Run 'pod install' or update your CocoaPods installation.\" >&2\n    exit 1\nfi\n# This output is used by Xcode 'outputs' to avoid re-running this script phase.\necho \"SUCCESS\" > \"${SCRIPT_OUTPUT_FILE_0}\"\n";
			showEnvVarsInLog = 0;
		};
		2EB6783373B2956791A9E12D /* [CP] Check Pods Manifest.lock */ = {
			isa = PBXShellScriptBuildPhase;
			buildActionMask = 2147483647;
			files = (
			);
			inputFileListPaths = (
			);
			inputPaths = (
				"${PODS_PODFILE_DIR_PATH}/Podfile.lock",
				"${PODS_ROOT}/Manifest.lock",
			);
			name = "[CP] Check Pods Manifest.lock";
			outputFileListPaths = (
			);
			outputPaths = (
				"$(DERIVED_FILE_DIR)/Pods-tvmazetechtest-checkManifestLockResult.txt",
			);
			runOnlyForDeploymentPostprocessing = 0;
			shellPath = /bin/sh;
			shellScript = "diff \"${PODS_PODFILE_DIR_PATH}/Podfile.lock\" \"${PODS_ROOT}/Manifest.lock\" > /dev/null\nif [ $? != 0 ] ; then\n    # print error to STDERR\n    echo \"error: The sandbox is not in sync with the Podfile.lock. Run 'pod install' or update your CocoaPods installation.\" >&2\n    exit 1\nfi\n# This output is used by Xcode 'outputs' to avoid re-running this script phase.\necho \"SUCCESS\" > \"${SCRIPT_OUTPUT_FILE_0}\"\n";
			showEnvVarsInLog = 0;
		};
		69110192FB19385BEC8DED8D /* [CP] Embed Pods Frameworks */ = {
			isa = PBXShellScriptBuildPhase;
			buildActionMask = 2147483647;
			files = (
			);
			inputFileListPaths = (
				"${PODS_ROOT}/Target Support Files/Pods-tvmazetechtest-tvmazetechtestUITests/Pods-tvmazetechtest-tvmazetechtestUITests-frameworks-${CONFIGURATION}-input-files.xcfilelist",
			);
			name = "[CP] Embed Pods Frameworks";
			outputFileListPaths = (
				"${PODS_ROOT}/Target Support Files/Pods-tvmazetechtest-tvmazetechtestUITests/Pods-tvmazetechtest-tvmazetechtestUITests-frameworks-${CONFIGURATION}-output-files.xcfilelist",
			);
			runOnlyForDeploymentPostprocessing = 0;
			shellPath = /bin/sh;
			shellScript = "\"${PODS_ROOT}/Target Support Files/Pods-tvmazetechtest-tvmazetechtestUITests/Pods-tvmazetechtest-tvmazetechtestUITests-frameworks.sh\"\n";
			showEnvVarsInLog = 0;
		};
		880125806B0DE19092FECA81 /* [CP] Embed Pods Frameworks */ = {
			isa = PBXShellScriptBuildPhase;
			buildActionMask = 2147483647;
			files = (
			);
			inputFileListPaths = (
				"${PODS_ROOT}/Target Support Files/Pods-tvmazetechtestTests/Pods-tvmazetechtestTests-frameworks-${CONFIGURATION}-input-files.xcfilelist",
			);
			name = "[CP] Embed Pods Frameworks";
			outputFileListPaths = (
				"${PODS_ROOT}/Target Support Files/Pods-tvmazetechtestTests/Pods-tvmazetechtestTests-frameworks-${CONFIGURATION}-output-files.xcfilelist",
			);
			runOnlyForDeploymentPostprocessing = 0;
			shellPath = /bin/sh;
			shellScript = "\"${PODS_ROOT}/Target Support Files/Pods-tvmazetechtestTests/Pods-tvmazetechtestTests-frameworks.sh\"\n";
			showEnvVarsInLog = 0;
		};
		BA23669752DDE43BACFA674D /* [CP] Check Pods Manifest.lock */ = {
			isa = PBXShellScriptBuildPhase;
			buildActionMask = 2147483647;
			files = (
			);
			inputFileListPaths = (
			);
			inputPaths = (
				"${PODS_PODFILE_DIR_PATH}/Podfile.lock",
				"${PODS_ROOT}/Manifest.lock",
			);
			name = "[CP] Check Pods Manifest.lock";
			outputFileListPaths = (
			);
			outputPaths = (
				"$(DERIVED_FILE_DIR)/Pods-tvmazetechtest-tvmazetechtestUITests-checkManifestLockResult.txt",
			);
			runOnlyForDeploymentPostprocessing = 0;
			shellPath = /bin/sh;
			shellScript = "diff \"${PODS_PODFILE_DIR_PATH}/Podfile.lock\" \"${PODS_ROOT}/Manifest.lock\" > /dev/null\nif [ $? != 0 ] ; then\n    # print error to STDERR\n    echo \"error: The sandbox is not in sync with the Podfile.lock. Run 'pod install' or update your CocoaPods installation.\" >&2\n    exit 1\nfi\n# This output is used by Xcode 'outputs' to avoid re-running this script phase.\necho \"SUCCESS\" > \"${SCRIPT_OUTPUT_FILE_0}\"\n";
			showEnvVarsInLog = 0;
		};
/* End PBXShellScriptBuildPhase section */

/* Begin PBXSourcesBuildPhase section */
		D58EB42B273BFCD400F60ED9 /* Sources */ = {
			isa = PBXSourcesBuildPhase;
			buildActionMask = 2147483647;
			files = (
				D531ADB1274657C5000694EB /* UIView+Extension.swift in Sources */,
				D58EB4B02742D94000F60ED9 /* ListUseCase.swift in Sources */,
				D58EB47D2742722700F60ED9 /* Codable+Extension.swift in Sources */,
				D59BFDD92744699700D766AF /* DetailViewModel.swift in Sources */,
				D58EB4D12743239300F60ED9 /* SearchRequest.swift in Sources */,
				D59BFDC227441A6800D766AF /* StoreShowsDatasource.swift in Sources */,
				D58EB4A72742D17D00F60ED9 /* Show.swift in Sources */,
				D58EB433273BFCD400F60ED9 /* AppDelegate.swift in Sources */,
				D59BFDCA274461C400D766AF /* DetailRepository.swift in Sources */,
				D58EB4952742C2F900F60ED9 /* PageRequest.swift in Sources */,
				D58EB4772742714400F60ED9 /* Components.swift in Sources */,
				D58EB47B2742720C00F60ED9 /* StoreDatasource.swift in Sources */,
				D58EB489274273DC00F60ED9 /* BaseError.swift in Sources */,
				D59BFDF12744F33500D766AF /* ListWireframe.swift in Sources */,
				D58EB47F2742723E00F60ED9 /* Collection+Safe.swift in Sources */,
				D58EB4832742734200F60ED9 /* BaseViewController.swift in Sources */,
				D58EB4B22742D9B300F60ED9 /* ListViewModel.swift in Sources */,
				D58EB473274270F800F60ED9 /* Observable.swift in Sources */,
				D58EB4852742735700F60ED9 /* BaseViewModel.swift in Sources */,
				D58EB435273BFCD400F60ED9 /* SceneDelegate.swift in Sources */,
				D58EB46F274270C500F60ED9 /* Inject.swift in Sources */,
				D59BFDEE27447CF900D766AF /* Wireframe.swift in Sources */,
				D59BFDD22744680900D766AF /* DetailUseCase.swift in Sources */,
				D58EB4AE2742D8DE00F60ED9 /* ListRepository.swift in Sources */,
				D58EB4872742736F00F60ED9 /* NavigationBarSettings.swift in Sources */,
				D58EB471274270E000F60ED9 /* Resolver.swift in Sources */,
				D58EB4812742732600F60ED9 /* CoreLog.swift in Sources */,
				D58EB4D32743254000F60ED9 /* SearchResponse.swift in Sources */,
				D59BFDBF27440C6E00D766AF /* StoredShows.swift in Sources */,
				D58EB479274271B000F60ED9 /* RemoteDatasource.swift in Sources */,
				D59BFDE127446F8000D766AF /* DetailViewController.swift in Sources */,
				D58EB4CA27431D2400F60ED9 /* ShowsCell.swift in Sources */,
				D58EB4C727431C5F00F60ED9 /* ListViewController.swift in Sources */,
			);
			runOnlyForDeploymentPostprocessing = 0;
		};
		D58EB441273BFCD700F60ED9 /* Sources */ = {
			isa = PBXSourcesBuildPhase;
			buildActionMask = 2147483647;
			files = (
				D59BFDF62745031000D766AF /* ListWireframeTests.swift in Sources */,
				D58EB48E2742AAFC00F60ED9 /* StoreDatasourceTests.swift in Sources */,
				D58EB4C0274314CE00F60ED9 /* ListUseCaseTests.swift in Sources */,
				D59BFDDD27446C1C00D766AF /* DetailViewModelMock.swift in Sources */,
				D59BFDD52744686A00D766AF /* DetailUseCaseTests.swift in Sources */,
				D58EB4C52743173E00F60ED9 /* ListViewModelTests.swift in Sources */,
				D59BFDDF27446C6600D766AF /* DetailViewModelTests.swift in Sources */,
				D58EB4C3274316FF00F60ED9 /* ListViewModelMock.swift in Sources */,
				D58EB4B72743123000F60ED9 /* ComponentsTests.swift in Sources */,
				D58EB4982742C40100F60ED9 /* BaseErrorTests.swift in Sources */,
				D59BFDCF274464E600D766AF /* DetailRepositoryTests.swift in Sources */,
				D59BFDE327446F9F00D766AF /* DetailViewControllerTests.swift in Sources */,
				D58EB49E2742C68100F60ED9 /* ResolverObjectMockTest.swift in Sources */,
				D58EB4922742B21700F60ED9 /* RemoteDatasourceTests.swift in Sources */,
				D58EB4A22742CAEB00F60ED9 /* ObservableTests.swift in Sources */,
				D58EB4CF274320A000F60ED9 /* ListViewControllerTests.swift in Sources */,
				D58EB4BE2743137600F60ED9 /* ListRepositoryTests.swift in Sources */,
				D58EB4A52742CF3100F60ED9 /* ArraySafeTests.swift in Sources */,
				D58EB49B2742C51B00F60ED9 /* ResolverTests.swift in Sources */,
				D59BFDC527441B7A00D766AF /* StoreShowsDatasourceTests.swift in Sources */,
			);
			runOnlyForDeploymentPostprocessing = 0;
		};
		D58EB44B273BFCD800F60ED9 /* Sources */ = {
			isa = PBXSourcesBuildPhase;
			buildActionMask = 2147483647;
			files = (
				D58EB454273BFCD800F60ED9 /* tvmazetechtestUITests.swift in Sources */,
				D58EB456273BFCD800F60ED9 /* tvmazetechtestUITestsLaunchTests.swift in Sources */,
			);
			runOnlyForDeploymentPostprocessing = 0;
		};
/* End PBXSourcesBuildPhase section */

/* Begin PBXTargetDependency section */
		D58EB447273BFCD800F60ED9 /* PBXTargetDependency */ = {
			isa = PBXTargetDependency;
			target = D58EB42E273BFCD400F60ED9 /* tvmazetechtest */;
			targetProxy = D58EB446273BFCD800F60ED9 /* PBXContainerItemProxy */;
		};
		D58EB451273BFCD800F60ED9 /* PBXTargetDependency */ = {
			isa = PBXTargetDependency;
			target = D58EB42E273BFCD400F60ED9 /* tvmazetechtest */;
			targetProxy = D58EB450273BFCD800F60ED9 /* PBXContainerItemProxy */;
		};
/* End PBXTargetDependency section */

/* Begin PBXVariantGroup section */
		D58EB438273BFCD400F60ED9 /* List.storyboard */ = {
			isa = PBXVariantGroup;
			children = (
				D58EB439273BFCD400F60ED9 /* Base */,
			);
			name = List.storyboard;
			sourceTree = "<group>";
		};
		D58EB43D273BFCD700F60ED9 /* LaunchScreen.storyboard */ = {
			isa = PBXVariantGroup;
			children = (
				D58EB43E273BFCD700F60ED9 /* Base */,
			);
			name = LaunchScreen.storyboard;
			sourceTree = "<group>";
		};
/* End PBXVariantGroup section */

/* Begin XCBuildConfiguration section */
		D58EB457273BFCD800F60ED9 /* Debug */ = {
			isa = XCBuildConfiguration;
			buildSettings = {
				ALWAYS_SEARCH_USER_PATHS = NO;
				CLANG_ANALYZER_NONNULL = YES;
				CLANG_ANALYZER_NUMBER_OBJECT_CONVERSION = YES_AGGRESSIVE;
				CLANG_CXX_LANGUAGE_STANDARD = "gnu++17";
				CLANG_CXX_LIBRARY = "libc++";
				CLANG_ENABLE_MODULES = YES;
				CLANG_ENABLE_OBJC_ARC = YES;
				CLANG_ENABLE_OBJC_WEAK = YES;
				CLANG_WARN_BLOCK_CAPTURE_AUTORELEASING = YES;
				CLANG_WARN_BOOL_CONVERSION = YES;
				CLANG_WARN_COMMA = YES;
				CLANG_WARN_CONSTANT_CONVERSION = YES;
				CLANG_WARN_DEPRECATED_OBJC_IMPLEMENTATIONS = YES;
				CLANG_WARN_DIRECT_OBJC_ISA_USAGE = YES_ERROR;
				CLANG_WARN_DOCUMENTATION_COMMENTS = YES;
				CLANG_WARN_EMPTY_BODY = YES;
				CLANG_WARN_ENUM_CONVERSION = YES;
				CLANG_WARN_INFINITE_RECURSION = YES;
				CLANG_WARN_INT_CONVERSION = YES;
				CLANG_WARN_NON_LITERAL_NULL_CONVERSION = YES;
				CLANG_WARN_OBJC_IMPLICIT_RETAIN_SELF = YES;
				CLANG_WARN_OBJC_LITERAL_CONVERSION = YES;
				CLANG_WARN_OBJC_ROOT_CLASS = YES_ERROR;
				CLANG_WARN_QUOTED_INCLUDE_IN_FRAMEWORK_HEADER = YES;
				CLANG_WARN_RANGE_LOOP_ANALYSIS = YES;
				CLANG_WARN_STRICT_PROTOTYPES = YES;
				CLANG_WARN_SUSPICIOUS_MOVE = YES;
				CLANG_WARN_UNGUARDED_AVAILABILITY = YES_AGGRESSIVE;
				CLANG_WARN_UNREACHABLE_CODE = YES;
				CLANG_WARN__DUPLICATE_METHOD_MATCH = YES;
				COPY_PHASE_STRIP = NO;
				DEBUG_INFORMATION_FORMAT = dwarf;
				ENABLE_STRICT_OBJC_MSGSEND = YES;
				ENABLE_TESTABILITY = YES;
				GCC_C_LANGUAGE_STANDARD = gnu11;
				GCC_DYNAMIC_NO_PIC = NO;
				GCC_NO_COMMON_BLOCKS = YES;
				GCC_OPTIMIZATION_LEVEL = 0;
				GCC_PREPROCESSOR_DEFINITIONS = (
					"DEBUG=1",
					"$(inherited)",
				);
				GCC_WARN_64_TO_32_BIT_CONVERSION = YES;
				GCC_WARN_ABOUT_RETURN_TYPE = YES_ERROR;
				GCC_WARN_UNDECLARED_SELECTOR = YES;
				GCC_WARN_UNINITIALIZED_AUTOS = YES_AGGRESSIVE;
				GCC_WARN_UNUSED_FUNCTION = YES;
				GCC_WARN_UNUSED_VARIABLE = YES;
				IPHONEOS_DEPLOYMENT_TARGET = 13.0;
				MTL_ENABLE_DEBUG_INFO = INCLUDE_SOURCE;
				MTL_FAST_MATH = YES;
				ONLY_ACTIVE_ARCH = YES;
				SDKROOT = iphoneos;
				SWIFT_ACTIVE_COMPILATION_CONDITIONS = DEBUG;
				SWIFT_OPTIMIZATION_LEVEL = "-Onone";
			};
			name = Debug;
		};
		D58EB458273BFCD800F60ED9 /* Release */ = {
			isa = XCBuildConfiguration;
			buildSettings = {
				ALWAYS_SEARCH_USER_PATHS = NO;
				CLANG_ANALYZER_NONNULL = YES;
				CLANG_ANALYZER_NUMBER_OBJECT_CONVERSION = YES_AGGRESSIVE;
				CLANG_CXX_LANGUAGE_STANDARD = "gnu++17";
				CLANG_CXX_LIBRARY = "libc++";
				CLANG_ENABLE_MODULES = YES;
				CLANG_ENABLE_OBJC_ARC = YES;
				CLANG_ENABLE_OBJC_WEAK = YES;
				CLANG_WARN_BLOCK_CAPTURE_AUTORELEASING = YES;
				CLANG_WARN_BOOL_CONVERSION = YES;
				CLANG_WARN_COMMA = YES;
				CLANG_WARN_CONSTANT_CONVERSION = YES;
				CLANG_WARN_DEPRECATED_OBJC_IMPLEMENTATIONS = YES;
				CLANG_WARN_DIRECT_OBJC_ISA_USAGE = YES_ERROR;
				CLANG_WARN_DOCUMENTATION_COMMENTS = YES;
				CLANG_WARN_EMPTY_BODY = YES;
				CLANG_WARN_ENUM_CONVERSION = YES;
				CLANG_WARN_INFINITE_RECURSION = YES;
				CLANG_WARN_INT_CONVERSION = YES;
				CLANG_WARN_NON_LITERAL_NULL_CONVERSION = YES;
				CLANG_WARN_OBJC_IMPLICIT_RETAIN_SELF = YES;
				CLANG_WARN_OBJC_LITERAL_CONVERSION = YES;
				CLANG_WARN_OBJC_ROOT_CLASS = YES_ERROR;
				CLANG_WARN_QUOTED_INCLUDE_IN_FRAMEWORK_HEADER = YES;
				CLANG_WARN_RANGE_LOOP_ANALYSIS = YES;
				CLANG_WARN_STRICT_PROTOTYPES = YES;
				CLANG_WARN_SUSPICIOUS_MOVE = YES;
				CLANG_WARN_UNGUARDED_AVAILABILITY = YES_AGGRESSIVE;
				CLANG_WARN_UNREACHABLE_CODE = YES;
				CLANG_WARN__DUPLICATE_METHOD_MATCH = YES;
				COPY_PHASE_STRIP = NO;
				DEBUG_INFORMATION_FORMAT = "dwarf-with-dsym";
				ENABLE_NS_ASSERTIONS = NO;
				ENABLE_STRICT_OBJC_MSGSEND = YES;
				GCC_C_LANGUAGE_STANDARD = gnu11;
				GCC_NO_COMMON_BLOCKS = YES;
				GCC_WARN_64_TO_32_BIT_CONVERSION = YES;
				GCC_WARN_ABOUT_RETURN_TYPE = YES_ERROR;
				GCC_WARN_UNDECLARED_SELECTOR = YES;
				GCC_WARN_UNINITIALIZED_AUTOS = YES_AGGRESSIVE;
				GCC_WARN_UNUSED_FUNCTION = YES;
				GCC_WARN_UNUSED_VARIABLE = YES;
				IPHONEOS_DEPLOYMENT_TARGET = 13.0;
				MTL_ENABLE_DEBUG_INFO = NO;
				MTL_FAST_MATH = YES;
				SDKROOT = iphoneos;
				SWIFT_COMPILATION_MODE = wholemodule;
				SWIFT_OPTIMIZATION_LEVEL = "-O";
				VALIDATE_PRODUCT = YES;
			};
			name = Release;
		};
		D58EB45A273BFCD800F60ED9 /* Debug */ = {
			isa = XCBuildConfiguration;
			baseConfigurationReference = 49958A1F0DEFEDB5674DD2FF /* Pods-tvmazetechtest.debug.xcconfig */;
			buildSettings = {
				ASSETCATALOG_COMPILER_APPICON_NAME = AppIcon;
				ASSETCATALOG_COMPILER_GLOBAL_ACCENT_COLOR_NAME = AccentColor;
				CODE_SIGN_IDENTITY = "Apple Development";
				CODE_SIGN_STYLE = Automatic;
				CURRENT_PROJECT_VERSION = 1;
				DEVELOPMENT_TEAM = TJ2TNER4KE;
				GENERATE_INFOPLIST_FILE = YES;
				INFOPLIST_FILE = tvmazetechtest/Info.plist;
				INFOPLIST_KEY_CFBundleDisplayName = "TV Maze API";
				INFOPLIST_KEY_UIApplicationSupportsIndirectInputEvents = YES;
				INFOPLIST_KEY_UILaunchStoryboardName = LaunchScreen;
				INFOPLIST_KEY_UIMainStoryboardFile = List;
				INFOPLIST_KEY_UISupportedInterfaceOrientations = "UIInterfaceOrientationPortrait UIInterfaceOrientationLandscapeLeft UIInterfaceOrientationLandscapeRight";
				INFOPLIST_KEY_UISupportedInterfaceOrientations_iPad = "UIInterfaceOrientationPortrait UIInterfaceOrientationPortraitUpsideDown UIInterfaceOrientationLandscapeLeft UIInterfaceOrientationLandscapeRight";
				INFOPLIST_KEY_UISupportedInterfaceOrientations_iPhone = "UIInterfaceOrientationPortrait UIInterfaceOrientationLandscapeLeft UIInterfaceOrientationLandscapeRight";
				LD_RUNPATH_SEARCH_PATHS = (
					"$(inherited)",
					"@executable_path/Frameworks",
				);
				MARKETING_VERSION = 1.0;
				PRODUCT_BUNDLE_IDENTIFIER = com.dmn.tvmazetechtest;
				PRODUCT_NAME = "$(TARGET_NAME)";
				PROVISIONING_PROFILE_SPECIFIER = "";
				SWIFT_EMIT_LOC_STRINGS = YES;
				SWIFT_VERSION = 5.0;
				TARGETED_DEVICE_FAMILY = "1,2";
			};
			name = Debug;
		};
		D58EB45B273BFCD800F60ED9 /* Release */ = {
			isa = XCBuildConfiguration;
			baseConfigurationReference = 29D851231432E2DF9DCB6606 /* Pods-tvmazetechtest.release.xcconfig */;
			buildSettings = {
				ASSETCATALOG_COMPILER_APPICON_NAME = AppIcon;
				ASSETCATALOG_COMPILER_GLOBAL_ACCENT_COLOR_NAME = AccentColor;
				CODE_SIGN_IDENTITY = "Apple Development";
				CODE_SIGN_STYLE = Automatic;
				CURRENT_PROJECT_VERSION = 1;
				DEVELOPMENT_TEAM = TJ2TNER4KE;
				GENERATE_INFOPLIST_FILE = YES;
				INFOPLIST_FILE = tvmazetechtest/Info.plist;
				INFOPLIST_KEY_CFBundleDisplayName = "TV Maze API";
				INFOPLIST_KEY_UIApplicationSupportsIndirectInputEvents = YES;
				INFOPLIST_KEY_UILaunchStoryboardName = LaunchScreen;
				INFOPLIST_KEY_UIMainStoryboardFile = List;
				INFOPLIST_KEY_UISupportedInterfaceOrientations = "UIInterfaceOrientationPortrait UIInterfaceOrientationLandscapeLeft UIInterfaceOrientationLandscapeRight";
				INFOPLIST_KEY_UISupportedInterfaceOrientations_iPad = "UIInterfaceOrientationPortrait UIInterfaceOrientationPortraitUpsideDown UIInterfaceOrientationLandscapeLeft UIInterfaceOrientationLandscapeRight";
				INFOPLIST_KEY_UISupportedInterfaceOrientations_iPhone = "UIInterfaceOrientationPortrait UIInterfaceOrientationLandscapeLeft UIInterfaceOrientationLandscapeRight";
				LD_RUNPATH_SEARCH_PATHS = (
					"$(inherited)",
					"@executable_path/Frameworks",
				);
				MARKETING_VERSION = 1.0;
				PRODUCT_BUNDLE_IDENTIFIER = com.dmn.tvmazetechtest;
				PRODUCT_NAME = "$(TARGET_NAME)";
				PROVISIONING_PROFILE_SPECIFIER = "";
				SWIFT_EMIT_LOC_STRINGS = YES;
				SWIFT_VERSION = 5.0;
				TARGETED_DEVICE_FAMILY = "1,2";
			};
			name = Release;
		};
		D58EB45D273BFCD800F60ED9 /* Debug */ = {
			isa = XCBuildConfiguration;
			baseConfigurationReference = 02E6815EB0DDF6BCCCC83AF6 /* Pods-tvmazetechtestTests.debug.xcconfig */;
			buildSettings = {
				ALWAYS_EMBED_SWIFT_STANDARD_LIBRARIES = YES;
				BUNDLE_LOADER = "$(TEST_HOST)";
				CODE_SIGN_STYLE = Automatic;
				CURRENT_PROJECT_VERSION = 1;
				DEVELOPMENT_TEAM = TJ2TNER4KE;
				GENERATE_INFOPLIST_FILE = YES;
				IPHONEOS_DEPLOYMENT_TARGET = 15.0;
				LD_RUNPATH_SEARCH_PATHS = (
					"$(inherited)",
					"@executable_path/Frameworks",
					"@loader_path/Frameworks",
				);
				MARKETING_VERSION = 1.0;
				PRODUCT_BUNDLE_IDENTIFIER = com.dmn.tvmazetechtestTests;
				PRODUCT_NAME = "$(TARGET_NAME)";
				SWIFT_EMIT_LOC_STRINGS = NO;
				SWIFT_VERSION = 5.0;
				TARGETED_DEVICE_FAMILY = "1,2";
				TEST_HOST = "$(BUILT_PRODUCTS_DIR)/tvmazetechtest.app/tvmazetechtest";
			};
			name = Debug;
		};
		D58EB45E273BFCD800F60ED9 /* Release */ = {
			isa = XCBuildConfiguration;
			baseConfigurationReference = 4EF49F7AF930E0D4F5289A26 /* Pods-tvmazetechtestTests.release.xcconfig */;
			buildSettings = {
				ALWAYS_EMBED_SWIFT_STANDARD_LIBRARIES = YES;
				BUNDLE_LOADER = "$(TEST_HOST)";
				CODE_SIGN_STYLE = Automatic;
				CURRENT_PROJECT_VERSION = 1;
				DEVELOPMENT_TEAM = TJ2TNER4KE;
				GENERATE_INFOPLIST_FILE = YES;
				IPHONEOS_DEPLOYMENT_TARGET = 15.0;
				LD_RUNPATH_SEARCH_PATHS = (
					"$(inherited)",
					"@executable_path/Frameworks",
					"@loader_path/Frameworks",
				);
				MARKETING_VERSION = 1.0;
				PRODUCT_BUNDLE_IDENTIFIER = com.dmn.tvmazetechtestTests;
				PRODUCT_NAME = "$(TARGET_NAME)";
				SWIFT_EMIT_LOC_STRINGS = NO;
				SWIFT_VERSION = 5.0;
				TARGETED_DEVICE_FAMILY = "1,2";
				TEST_HOST = "$(BUILT_PRODUCTS_DIR)/tvmazetechtest.app/tvmazetechtest";
			};
			name = Release;
		};
		D58EB460273BFCD800F60ED9 /* Debug */ = {
			isa = XCBuildConfiguration;
			baseConfigurationReference = DD37BCC9B14B8B91FAC1FE10 /* Pods-tvmazetechtest-tvmazetechtestUITests.debug.xcconfig */;
			buildSettings = {
				ALWAYS_EMBED_SWIFT_STANDARD_LIBRARIES = YES;
				CODE_SIGN_STYLE = Automatic;
				CURRENT_PROJECT_VERSION = 1;
				DEVELOPMENT_TEAM = TJ2TNER4KE;
				GENERATE_INFOPLIST_FILE = YES;
				LD_RUNPATH_SEARCH_PATHS = (
					"$(inherited)",
					"@executable_path/Frameworks",
					"@loader_path/Frameworks",
				);
				MARKETING_VERSION = 1.0;
				PRODUCT_BUNDLE_IDENTIFIER = com.dmn.tvmazetechtestUITests;
				PRODUCT_NAME = "$(TARGET_NAME)";
				SWIFT_EMIT_LOC_STRINGS = NO;
				SWIFT_VERSION = 5.0;
				TARGETED_DEVICE_FAMILY = "1,2";
				TEST_TARGET_NAME = tvmazetechtest;
			};
			name = Debug;
		};
		D58EB461273BFCD800F60ED9 /* Release */ = {
			isa = XCBuildConfiguration;
			baseConfigurationReference = B322FB54ED2EA6E80C1C4573 /* Pods-tvmazetechtest-tvmazetechtestUITests.release.xcconfig */;
			buildSettings = {
				ALWAYS_EMBED_SWIFT_STANDARD_LIBRARIES = YES;
				CODE_SIGN_STYLE = Automatic;
				CURRENT_PROJECT_VERSION = 1;
				DEVELOPMENT_TEAM = TJ2TNER4KE;
				GENERATE_INFOPLIST_FILE = YES;
				LD_RUNPATH_SEARCH_PATHS = (
					"$(inherited)",
					"@executable_path/Frameworks",
					"@loader_path/Frameworks",
				);
				MARKETING_VERSION = 1.0;
				PRODUCT_BUNDLE_IDENTIFIER = com.dmn.tvmazetechtestUITests;
				PRODUCT_NAME = "$(TARGET_NAME)";
				SWIFT_EMIT_LOC_STRINGS = NO;
				SWIFT_VERSION = 5.0;
				TARGETED_DEVICE_FAMILY = "1,2";
				TEST_TARGET_NAME = tvmazetechtest;
			};
			name = Release;
		};
/* End XCBuildConfiguration section */

/* Begin XCConfigurationList section */
		D58EB42A273BFCD400F60ED9 /* Build configuration list for PBXProject "tvmazetechtest" */ = {
			isa = XCConfigurationList;
			buildConfigurations = (
				D58EB457273BFCD800F60ED9 /* Debug */,
				D58EB458273BFCD800F60ED9 /* Release */,
			);
			defaultConfigurationIsVisible = 0;
			defaultConfigurationName = Release;
		};
		D58EB459273BFCD800F60ED9 /* Build configuration list for PBXNativeTarget "tvmazetechtest" */ = {
			isa = XCConfigurationList;
			buildConfigurations = (
				D58EB45A273BFCD800F60ED9 /* Debug */,
				D58EB45B273BFCD800F60ED9 /* Release */,
			);
			defaultConfigurationIsVisible = 0;
			defaultConfigurationName = Release;
		};
		D58EB45C273BFCD800F60ED9 /* Build configuration list for PBXNativeTarget "tvmazetechtestTests" */ = {
			isa = XCConfigurationList;
			buildConfigurations = (
				D58EB45D273BFCD800F60ED9 /* Debug */,
				D58EB45E273BFCD800F60ED9 /* Release */,
			);
			defaultConfigurationIsVisible = 0;
			defaultConfigurationName = Release;
		};
		D58EB45F273BFCD800F60ED9 /* Build configuration list for PBXNativeTarget "tvmazetechtestUITests" */ = {
			isa = XCConfigurationList;
			buildConfigurations = (
				D58EB460273BFCD800F60ED9 /* Debug */,
				D58EB461273BFCD800F60ED9 /* Release */,
			);
			defaultConfigurationIsVisible = 0;
			defaultConfigurationName = Release;
		};
/* End XCConfigurationList section */
	};
	rootObject = D58EB427273BFCD400F60ED9 /* Project object */;
}
